
Microsoft Visual Studio Solution File, Format Version 12.00
# Visual Studio Version 17
VisualStudioVersion = 17.14.36603.0 d17.14
MinimumVisualStudioVersion = 10.0.40219.1
Project("{FAE04EC0-301F-11D3-BF4B-00C04F79EFBC}") = "CaveGame", "CaveGame\CaveGame.csproj", "{23E54BD6-13C9-4CE1-803F-C483F9F3D290}"
EndProject
Global
	GlobalSection(SolutionConfigurationPlatforms) = preSolution
		Debug|Any CPU = Debug|Any CPU
		Release|Any CPU = Release|Any CPU
	EndGlobalSection
	GlobalSection(ProjectConfigurationPlatforms) = postSolution
		{23E54BD6-13C9-4CE1-803F-C483F9F3D290}.Debug|Any CPU.ActiveCfg = Debug|Any CPU
		{23E54BD6-13C9-4CE1-803F-C483F9F3D290}.Debug|Any CPU.Build.0 = Debug|Any CPU
		{23E54BD6-13C9-4CE1-803F-C483F9F3D290}.Release|Any CPU.ActiveCfg = Release|Any CPU
		{23E54BD6-13C9-4CE1-803F-C483F9F3D290}.Release|Any CPU.Build.0 = Release|Any CPU
	EndGlobalSection
	GlobalSection(SolutionProperties) = preSolution
		HideSolutionNode = FALSE
	EndGlobalSection
	GlobalSection(ExtensibilityGlobals) = postSolution
		SolutionGuid = {D95C09C3-3681-434D-B13D-9373152DEDAD}
	EndGlobalSection
EndGlobal
